
Microsoft Visual Studio Solution File, Format Version 12.00
# Visual Studio Version 16
VisualStudioVersion = 16.0.31702.278
MinimumVisualStudioVersion = 10.0.40219.1
Project("{FAE04EC0-301F-11D3-BF4B-00C04F79EFBC}") = "MyXamarinPrismDemoApp", "MyXamarinPrismDemoApp\MyXamarinPrismDemoApp\MyXamarinPrismDemoApp.csproj", "{7B373893-0DB9-4C82-A230-529FEA291C09}"
EndProject
Project("{FAE04EC0-301F-11D3-BF4B-00C04F79EFBC}") = "MyXamarinPrismDemoApp.Android", "MyXamarinPrismDemoApp\MyXamarinPrismDemoApp.Android\MyXamarinPrismDemoApp.Android.csproj", "{3E52BBCE-B9A4-4E8D-93DC-D854EA6AFB12}"
EndProject
Project("{FAE04EC0-301F-11D3-BF4B-00C04F79EFBC}") = "MyXamarinPrismDemoApp.iOS", "MyXamarinPrismDemoApp\MyXamarinPrismDemoApp.iOS\MyXamarinPrismDemoApp.iOS.csproj", "{E5D84732-D815-4221-A22C-B97654255ACA}"
EndProject
Global
	GlobalSection(SolutionConfigurationPlatforms) = preSolution
		Ad-Hoc|Any CPU = Ad-Hoc|Any CPU
		Ad-Hoc|iPhone = Ad-Hoc|iPhone
		Ad-Hoc|iPhoneSimulator = Ad-Hoc|iPhoneSimulator
		AppStore|Any CPU = AppStore|Any CPU
		AppStore|iPhone = AppStore|iPhone
		AppStore|iPhoneSimulator = AppStore|iPhoneSimulator
		Debug|Any CPU = Debug|Any CPU
		Debug|iPhone = Debug|iPhone
		Debug|iPhoneSimulator = Debug|iPhoneSimulator
		Release|Any CPU = Release|Any CPU
		Release|iPhone = Release|iPhone
		Release|iPhoneSimulator = Release|iPhoneSimulator
	EndGlobalSection
	GlobalSection(ProjectConfigurationPlatforms) = postSolution
		{7B373893-0DB9-4C82-A230-529FEA291C09}.Ad-Hoc|Any CPU.ActiveCfg = Debug|Any CPU
		{7B373893-0DB9-4C82-A230-529FEA291C09}.Ad-Hoc|Any CPU.Build.0 = Debug|Any CPU
		{7B373893-0DB9-4C82-A230-529FEA291C09}.Ad-Hoc|iPhone.ActiveCfg = Debug|Any CPU
		{7B373893-0DB9-4C82-A230-529FEA291C09}.Ad-Hoc|iPhone.Build.0 = Debug|Any CPU
		{7B373893-0DB9-4C82-A230-529FEA291C09}.Ad-Hoc|iPhoneSimulator.ActiveCfg = Debug|Any CPU
		{7B373893-0DB9-4C82-A230-529FEA291C09}.Ad-Hoc|iPhoneSimulator.Build.0 = Debug|Any CPU
		{7B373893-0DB9-4C82-A230-529FEA291C09}.AppStore|Any CPU.ActiveCfg = Debug|Any CPU
		{7B373893-0DB9-4C82-A230-529FEA291C09}.AppStore|Any CPU.Build.0 = Debug|Any CPU
		{7B373893-0DB9-4C82-A230-529FEA291C09}.AppStore|iPhone.ActiveCfg = Debug|Any CPU
		{7B373893-0DB9-4C82-A230-529FEA291C09}.AppStore|iPhone.Build.0 = Debug|Any CPU
		{7B373893-0DB9-4C82-A230-529FEA291C09}.AppStore|iPhoneSimulator.ActiveCfg = Debug|Any CPU
		{7B373893-0DB9-4C82-A230-529FEA291C09}.AppStore|iPhoneSimulator.Build.0 = Debug|Any CPU
		{7B373893-0DB9-4C82-A230-529FEA291C09}.Debug|Any CPU.ActiveCfg = Debug|Any CPU
		{7B373893-0DB9-4C82-A230-529FEA291C09}.Debug|Any CPU.Build.0 = Debug|Any CPU
		{7B373893-0DB9-4C82-A230-529FEA291C09}.Debug|iPhone.ActiveCfg = Debug|Any CPU
		{7B373893-0DB9-4C82-A230-529FEA291C09}.Debug|iPhone.Build.0 = Debug|Any CPU
		{7B373893-0DB9-4C82-A230-529FEA291C09}.Debug|iPhoneSimulator.ActiveCfg = Debug|Any CPU
		{7B373893-0DB9-4C82-A230-529FEA291C09}.Debug|iPhoneSimulator.Build.0 = Debug|Any CPU
		{7B373893-0DB9-4C82-A230-529FEA291C09}.Release|Any CPU.ActiveCfg = Release|Any CPU
		{7B373893-0DB9-4C82-A230-529FEA291C09}.Release|Any CPU.Build.0 = Release|Any CPU
		{7B373893-0DB9-4C82-A230-529FEA291C09}.Release|iPhone.ActiveCfg = Release|Any CPU
		{7B373893-0DB9-4C82-A230-529FEA291C09}.Release|iPhone.Build.0 = Release|Any CPU
		{7B373893-0DB9-4C82-A230-529FEA291C09}.Release|iPhoneSimulator.ActiveCfg = Release|Any CPU
		{7B373893-0DB9-4C82-A230-529FEA291C09}.Release|iPhoneSimulator.Build.0 = Release|Any CPU
		{3E52BBCE-B9A4-4E8D-93DC-D854EA6AFB12}.Ad-Hoc|Any CPU.ActiveCfg = Debug|Any CPU
		{3E52BBCE-B9A4-4E8D-93DC-D854EA6AFB12}.Ad-Hoc|Any CPU.Build.0 = Debug|Any CPU
		{3E52BBCE-B9A4-4E8D-93DC-D854EA6AFB12}.Ad-Hoc|Any CPU.Deploy.0 = Debug|Any CPU
		{3E52BBCE-B9A4-4E8D-93DC-D854EA6AFB12}.Ad-Hoc|iPhone.ActiveCfg = Debug|Any CPU
		{3E52BBCE-B9A4-4E8D-93DC-D854EA6AFB12}.Ad-Hoc|iPhone.Build.0 = Debug|Any CPU
		{3E52BBCE-B9A4-4E8D-93DC-D854EA6AFB12}.Ad-Hoc|iPhone.Deploy.0 = Debug|Any CPU
		{3E52BBCE-B9A4-4E8D-93DC-D854EA6AFB12}.Ad-Hoc|iPhoneSimulator.ActiveCfg = Debug|Any CPU
		{3E52BBCE-B9A4-4E8D-93DC-D854EA6AFB12}.Ad-Hoc|iPhoneSimulator.Build.0 = Debug|Any CPU
		{3E52BBCE-B9A4-4E8D-93DC-D854EA6AFB12}.Ad-Hoc|iPhoneSimulator.Deploy.0 = Debug|Any CPU
		{3E52BBCE-B9A4-4E8D-93DC-D854EA6AFB12}.AppStore|Any CPU.ActiveCfg = Debug|Any CPU
		{3E52BBCE-B9A4-4E8D-93DC-D854EA6AFB12}.AppStore|Any CPU.Build.0 = Debug|Any CPU
		{3E52BBCE-B9A4-4E8D-93DC-D854EA6AFB12}.AppStore|Any CPU.Deploy.0 = Debug|Any CPU
		{3E52BBCE-B9A4-4E8D-93DC-D854EA6AFB12}.AppStore|iPhone.ActiveCfg = Debug|Any CPU
		{3E52BBCE-B9A4-4E8D-93DC-D854EA6AFB12}.AppStore|iPhone.Build.0 = Debug|Any CPU
		{3E52BBCE-B9A4-4E8D-93DC-D854EA6AFB12}.AppStore|iPhone.Deploy.0 = Debug|Any CPU
		{3E52BBCE-B9A4-4E8D-93DC-D854EA6AFB12}.AppStore|iPhoneSimulator.ActiveCfg = Debug|Any CPU
		{3E52BBCE-B9A4-4E8D-93DC-D854EA6AFB12}.AppStore|iPhoneSimulator.Build.0 = Debug|Any CPU
		{3E52BBCE-B9A4-4E8D-93DC-D854EA6AFB12}.AppStore|iPhoneSimulator.Deploy.0 = Debug|Any CPU
		{3E52BBCE-B9A4-4E8D-93DC-D854EA6AFB12}.Debug|Any CPU.ActiveCfg = Debug|Any CPU
		{3E52BBCE-B9A4-4E8D-93DC-D854EA6AFB12}.Debug|Any CPU.Build.0 = Debug|Any CPU
		{3E52BBCE-B9A4-4E8D-93DC-D854EA6AFB12}.Debug|Any CPU.Deploy.0 = Debug|Any CPU
		{3E52BBCE-B9A4-4E8D-93DC-D854EA6AFB12}.Debug|iPhone.ActiveCfg = Debug|Any CPU
		{3E52BBCE-B9A4-4E8D-93DC-D854EA6AFB12}.Debug|iPhone.Build.0 = Debug|Any CPU
		{3E52BBCE-B9A4-4E8D-93DC-D854EA6AFB12}.Debug|iPhone.Deploy.0 = Debug|Any CPU
		{3E52BBCE-B9A4-4E8D-93DC-D854EA6AFB12}.Debug|iPhoneSimulator.ActiveCfg = Debug|Any CPU
		{3E52BBCE-B9A4-4E8D-93DC-D854EA6AFB12}.Debug|iPhoneSimulator.Build.0 = Debug|Any CPU
		{3E52BBCE-B9A4-4E8D-93DC-D854EA6AFB12}.Debug|iPhoneSimulator.Deploy.0 = Debug|Any CPU
		{3E52BBCE-B9A4-4E8D-93DC-D854EA6AFB12}.Release|Any CPU.ActiveCfg = Release|Any CPU
		{3E52BBCE-B9A4-4E8D-93DC-D854EA6AFB12}.Release|Any CPU.Build.0 = Release|Any CPU
		{3E52BBCE-B9A4-4E8D-93DC-D854EA6AFB12}.Release|Any CPU.Deploy.0 = Release|Any CPU
		{3E52BBCE-B9A4-4E8D-93DC-D854EA6AFB12}.Release|iPhone.ActiveCfg = Release|Any CPU
		{3E52BBCE-B9A4-4E8D-93DC-D854EA6AFB12}.Release|iPhone.Build.0 = Release|Any CPU
		{3E52BBCE-B9A4-4E8D-93DC-D854EA6AFB12}.Release|iPhone.Deploy.0 = Release|Any CPU
		{3E52BBCE-B9A4-4E8D-93DC-D854EA6AFB12}.Release|iPhoneSimulator.ActiveCfg = Release|Any CPU
		{3E52BBCE-B9A4-4E8D-93DC-D854EA6AFB12}.Release|iPhoneSimulator.Build.0 = Release|Any CPU
		{3E52BBCE-B9A4-4E8D-93DC-D854EA6AFB12}.Release|iPhoneSimulator.Deploy.0 = Release|Any CPU
		{E5D84732-D815-4221-A22C-B97654255ACA}.Ad-Hoc|Any CPU.ActiveCfg = Ad-Hoc|iPhoneSimulator
		{E5D84732-D815-4221-A22C-B97654255ACA}.Ad-Hoc|iPhone.ActiveCfg = Ad-Hoc|iPhone
		{E5D84732-D815-4221-A22C-B97654255ACA}.Ad-Hoc|iPhone.Build.0 = Ad-Hoc|iPhone
		{E5D84732-D815-4221-A22C-B97654255ACA}.Ad-Hoc|iPhoneSimulator.ActiveCfg = Ad-Hoc|iPhoneSimulator
		{E5D84732-D815-4221-A22C-B97654255ACA}.Ad-Hoc|iPhoneSimulator.Build.0 = Ad-Hoc|iPhoneSimulator
		{E5D84732-D815-4221-A22C-B97654255ACA}.AppStore|Any CPU.ActiveCfg = AppStore|iPhoneSimulator
		{E5D84732-D815-4221-A22C-B97654255ACA}.AppStore|iPhone.ActiveCfg = AppStore|iPhone
		{E5D84732-D815-4221-A22C-B97654255ACA}.AppStore|iPhone.Build.0 = AppStore|iPhone
		{E5D84732-D815-4221-A22C-B97654255ACA}.AppStore|iPhoneSimulator.ActiveCfg = AppStore|iPhoneSimulator
		{E5D84732-D815-4221-A22C-B97654255ACA}.AppStore|iPhoneSimulator.Build.0 = AppStore|iPhoneSimulator
		{E5D84732-D815-4221-A22C-B97654255ACA}.Debug|Any CPU.ActiveCfg = Debug|iPhoneSimulator
		{E5D84732-D815-4221-A22C-B97654255ACA}.Debug|iPhone.ActiveCfg = Debug|iPhone
		{E5D84732-D815-4221-A22C-B97654255ACA}.Debug|iPhone.Build.0 = Debug|iPhone
		{E5D84732-D815-4221-A22C-B97654255ACA}.Debug|iPhoneSimulator.ActiveCfg = Debug|iPhoneSimulator
		{E5D84732-D815-4221-A22C-B97654255ACA}.Debug|iPhoneSimulator.Build.0 = Debug|iPhoneSimulator
		{E5D84732-D815-4221-A22C-B97654255ACA}.Release|Any CPU.ActiveCfg = Release|iPhoneSimulator
		{E5D84732-D815-4221-A22C-B97654255ACA}.Release|iPhone.ActiveCfg = Release|iPhone
		{E5D84732-D815-4221-A22C-B97654255ACA}.Release|iPhone.Build.0 = Release|iPhone
		{E5D84732-D815-4221-A22C-B97654255ACA}.Release|iPhoneSimulator.ActiveCfg = Release|iPhoneSimulator
		{E5D84732-D815-4221-A22C-B97654255ACA}.Release|iPhoneSimulator.Build.0 = Release|iPhoneSimulator
	EndGlobalSection
	GlobalSection(SolutionProperties) = preSolution
		HideSolutionNode = FALSE
	EndGlobalSection
	GlobalSection(ExtensibilityGlobals) = postSolution
		SolutionGuid = {6CC55F42-B5E8-495C-B8B9-5FBF57B047F2}
	EndGlobalSection
EndGlobal
